
Microsoft Visual Studio Solution File, Format Version 12.00
# Visual Studio 15
VisualStudioVersion = 15.0.28010.2048
MinimumVisualStudioVersion = 10.0.40219.1
Project("{FAE04EC0-301F-11D3-BF4B-00C04F79EFBC}") = "BankingApp.L0.DataAccess", "BankingApp.L0.DataAccess\BankingApp.L0.DataAccess.csproj", "{4DF309C8-08CB-4C8F-B7AD-B9845094A52C}"
EndProject
Project("{FAE04EC0-301F-11D3-BF4B-00C04F79EFBC}") = "BankingApp.L0.DataAccess.Test", "BankingApp.L0.DataAccess.Test\BankingApp.L0.DataAccess.Test.csproj", "{FB07039F-0A9A-4ABC-BD42-F40678FDB868}"
EndProject
Project("{FAE04EC0-301F-11D3-BF4B-00C04F79EFBC}") = "BankingApp.L1.Business", "BankingApp.L1.Business\BankingApp.L1.Business.csproj", "{3C3D5C73-2004-4E74-B39A-34761E88A471}"
EndProject
Project("{FAE04EC0-301F-11D3-BF4B-00C04F79EFBC}") = "BankingApp.L1.Business.Test1", "BankingApp.L1.Business.Test1\BankingApp.L1.Business.Test1.csproj", "{5370E8D7-BE7D-46CB-94E6-118C7AEABD58}"
EndProject
Project("{FAE04EC0-301F-11D3-BF4B-00C04F79EFBC}") = "BankingApp.L2.Rest", "BankingApp.L2.Rest\BankingApp.L2.Rest.csproj", "{3B912248-EDE7-4996-87A3-3ABFAB48C056}"
EndProject
Project("{FAE04EC0-301F-11D3-BF4B-00C04F79EFBC}") = "BankingApp.L2.Rest.Tests", "BankingApp.L2.Rest.Tests\BankingApp.L2.Rest.Tests.csproj", "{2A0A57FC-7060-4463-A9ED-D2F43A67EEB5}"
EndProject
Project("{FAE04EC0-301F-11D3-BF4B-00C04F79EFBC}") = "Scaffoldedbanking", "Scaffoldedbanking\Scaffoldedbanking.csproj", "{A746474C-A8A3-45F4-BAF5-0721D7AE0F14}"
EndProject
Global
	GlobalSection(SolutionConfigurationPlatforms) = preSolution
		Debug|Any CPU = Debug|Any CPU
		Release|Any CPU = Release|Any CPU
	EndGlobalSection
	GlobalSection(ProjectConfigurationPlatforms) = postSolution
		{4DF309C8-08CB-4C8F-B7AD-B9845094A52C}.Debug|Any CPU.ActiveCfg = Debug|Any CPU
		{4DF309C8-08CB-4C8F-B7AD-B9845094A52C}.Debug|Any CPU.Build.0 = Debug|Any CPU
		{4DF309C8-08CB-4C8F-B7AD-B9845094A52C}.Release|Any CPU.ActiveCfg = Release|Any CPU
		{4DF309C8-08CB-4C8F-B7AD-B9845094A52C}.Release|Any CPU.Build.0 = Release|Any CPU
		{FB07039F-0A9A-4ABC-BD42-F40678FDB868}.Debug|Any CPU.ActiveCfg = Debug|Any CPU
		{FB07039F-0A9A-4ABC-BD42-F40678FDB868}.Debug|Any CPU.Build.0 = Debug|Any CPU
		{FB07039F-0A9A-4ABC-BD42-F40678FDB868}.Release|Any CPU.ActiveCfg = Release|Any CPU
		{FB07039F-0A9A-4ABC-BD42-F40678FDB868}.Release|Any CPU.Build.0 = Release|Any CPU
		{3C3D5C73-2004-4E74-B39A-34761E88A471}.Debug|Any CPU.ActiveCfg = Debug|Any CPU
		{3C3D5C73-2004-4E74-B39A-34761E88A471}.Debug|Any CPU.Build.0 = Debug|Any CPU
		{3C3D5C73-2004-4E74-B39A-34761E88A471}.Release|Any CPU.ActiveCfg = Release|Any CPU
		{3C3D5C73-2004-4E74-B39A-34761E88A471}.Release|Any CPU.Build.0 = Release|Any CPU
		{5370E8D7-BE7D-46CB-94E6-118C7AEABD58}.Debug|Any CPU.ActiveCfg = Debug|Any CPU
		{5370E8D7-BE7D-46CB-94E6-118C7AEABD58}.Debug|Any CPU.Build.0 = Debug|Any CPU
		{5370E8D7-BE7D-46CB-94E6-118C7AEABD58}.Release|Any CPU.ActiveCfg = Release|Any CPU
		{5370E8D7-BE7D-46CB-94E6-118C7AEABD58}.Release|Any CPU.Build.0 = Release|Any CPU
		{3B912248-EDE7-4996-87A3-3ABFAB48C056}.Debug|Any CPU.ActiveCfg = Debug|Any CPU
		{3B912248-EDE7-4996-87A3-3ABFAB48C056}.Debug|Any CPU.Build.0 = Debug|Any CPU
		{3B912248-EDE7-4996-87A3-3ABFAB48C056}.Release|Any CPU.ActiveCfg = Release|Any CPU
		{3B912248-EDE7-4996-87A3-3ABFAB48C056}.Release|Any CPU.Build.0 = Release|Any CPU
		{2A0A57FC-7060-4463-A9ED-D2F43A67EEB5}.Debug|Any CPU.ActiveCfg = Debug|Any CPU
		{2A0A57FC-7060-4463-A9ED-D2F43A67EEB5}.Debug|Any CPU.Build.0 = Debug|Any CPU
		{2A0A57FC-7060-4463-A9ED-D2F43A67EEB5}.Release|Any CPU.ActiveCfg = Release|Any CPU
		{2A0A57FC-7060-4463-A9ED-D2F43A67EEB5}.Release|Any CPU.Build.0 = Release|Any CPU
		{A746474C-A8A3-45F4-BAF5-0721D7AE0F14}.Debug|Any CPU.ActiveCfg = Debug|Any CPU
		{A746474C-A8A3-45F4-BAF5-0721D7AE0F14}.Debug|Any CPU.Build.0 = Debug|Any CPU
		{A746474C-A8A3-45F4-BAF5-0721D7AE0F14}.Release|Any CPU.ActiveCfg = Release|Any CPU
		{A746474C-A8A3-45F4-BAF5-0721D7AE0F14}.Release|Any CPU.Build.0 = Release|Any CPU
	EndGlobalSection
	GlobalSection(SolutionProperties) = preSolution
		HideSolutionNode = FALSE
	EndGlobalSection
	GlobalSection(ExtensibilityGlobals) = postSolution
		SolutionGuid = {DED0A4C6-62B9-47DE-8FC8-7D404F3D2E12}
	EndGlobalSection
EndGlobal
